# THIS IS AN AUTOGENERATED FILE. DO NOT EDIT THIS FILE DIRECTLY.
# yarn lockfile v1


bignumber.js@^4.0.4:
  version "4.1.0"
  resolved "https://registry.yarnpkg.com/bignumber.js/-/bignumber.js-4.1.0.tgz#db6f14067c140bd46624815a7916c92d9b6c24b1"

handsontable@^5.0.1:
  version "5.0.2"
  resolved "https://registry.yarnpkg.com/handsontable/-/handsontable-5.0.2.tgz#dcfb4341afe64c98bbbf779be40f69721e3e2c2c"
  dependencies:
    moment "2.20.1"
    numbro "^2.0.6"
    pikaday "1.5.1"

moment@2.20.1:
  version "2.20.1"
  resolved "https://registry.yarnpkg.com/moment/-/moment-2.20.1.tgz#d6eb1a46cbcc14a2b2f9434112c1ff8907f313fd"

moment@2.x:
  version "2.22.2"
  resolved "https://registry.yarnpkg.com/moment/-/moment-2.22.2.tgz#3c257f9839fc0e93ff53149632239eb90783ff66"

numbro@^2.0.6:
  version "2.1.0"
  resolved "https://registry.yarnpkg.com/numbro/-/numbro-2.1.0.tgz#618ac6e4b2f32f2e623190ce4b05f4c8b09c3207"
  dependencies:
    bignumber.js "^4.0.4"

pikaday@1.5.1:
  version "1.5.1"
  resolved "https://registry.yarnpkg.com/pikaday/-/pikaday-1.5.1.tgz#0a48549bc1a14ea1d08c44074d761bc2f2bfcfd3"
  optionalDependencies:
    moment "2.x"
